// !$*UTF8*$!
{
	archiveVersion = 1;
	classes = {
	};
	objectVersion = 60;
	objects = {

/* Begin PBXBuildFile section */
		FC1197592E01ABB500744006 /* SceneKit+Math.swift in Sources */ = {isa = PBXBuildFile; fileRef = FC1197582E01ABB500744006 /* SceneKit+Math.swift */; };
		FC3174052E025652008EEE8E /* CubeTestView.swift in Sources */ = {isa = PBXBuildFile; fileRef = FC3174042E025652008EEE8E /* CubeTestView.swift */; };
		FC3174072E02567A008EEE8E /* TestView.swift in Sources */ = {isa = PBXBuildFile; fileRef = FC3174062E02567A008EEE8E /* TestView.swift */; };
		FC3174092E025919008EEE8E /* TimerView.swift in Sources */ = {isa = PBXBuildFile; fileRef = FC3174082E025919008EEE8E /* TimerView.swift */; };
		FC31740B2E025CF2008EEE8E /* BestTimeManaging.swift in Sources */ = {isa = PBXBuildFile; fileRef = FC31740A2E025CF2008EEE8E /* BestTimeManaging.swift */; };
		FC31740D2E025D11008EEE8E /* BestTimeView.swift in Sources */ = {isa = PBXBuildFile; fileRef = FC31740C2E025D11008EEE8E /* BestTimeView.swift */; };
		FC31740F2E025E25008EEE8E /* Steps+All.swift in Sources */ = {isa = PBXBuildFile; fileRef = FC31740E2E025E25008EEE8E /* Steps+All.swift */; };
		FC3174112E027295008EEE8E /* ScrambleLabel.swift in Sources */ = {isa = PBXBuildFile; fileRef = FC3174102E027295008EEE8E /* ScrambleLabel.swift */; };
		FC3174132E027311008EEE8E /* ScrambleSection.swift in Sources */ = {isa = PBXBuildFile; fileRef = FC3174122E027311008EEE8E /* ScrambleSection.swift */; };
		FC38F2152E041DB7009BB02D /* SolveMethod+Algorithms.swift in Sources */ = {isa = PBXBuildFile; fileRef = FC38F2142E041DB7009BB02D /* SolveMethod+Algorithms.swift */; };
		FC38F2172E042093009BB02D /* Timeable.swift in Sources */ = {isa = PBXBuildFile; fileRef = FC38F2162E042093009BB02D /* Timeable.swift */; };
		FC38F2192E04274F009BB02D /* Zip.swift in Sources */ = {isa = PBXBuildFile; fileRef = FC38F2182E04274F009BB02D /* Zip.swift */; };
		FC4AA4432DFA973B0069EFBE /* DylKit in Frameworks */ = {isa = PBXBuildFile; productRef = FC4AA4422DFA973B0069EFBE /* DylKit */; };
		FC4AA4452DFA99250069EFBE /* LearningView.swift in Sources */ = {isa = PBXBuildFile; fileRef = FC4AA4442DFA99250069EFBE /* LearningView.swift */; };
		FC4AA4472DFA9A220069EFBE /* AlgorithmView.swift in Sources */ = {isa = PBXBuildFile; fileRef = FC4AA4462DFA9A220069EFBE /* AlgorithmView.swift */; };
		FC55D4AB2E0112C3004D499B /* String+Moves.swift in Sources */ = {isa = PBXBuildFile; fileRef = FC55D4AA2E0112C3004D499B /* String+Moves.swift */; };
		FC55D4AD2E011814004D499B /* AllTimesView.swift in Sources */ = {isa = PBXBuildFile; fileRef = FC55D4AC2E011814004D499B /* AllTimesView.swift */; };
		FC55D4B02E011D34004D499B /* Duration+TimeString.swift in Sources */ = {isa = PBXBuildFile; fileRef = FC55D4AF2E011D34004D499B /* Duration+TimeString.swift */; };
		FC55D4B22E01385E004D499B /* AlgorithmStage.swift in Sources */ = {isa = PBXBuildFile; fileRef = FC55D4B12E01385E004D499B /* AlgorithmStage.swift */; };
		FC55D4B42E0138B4004D499B /* AlgorithmMethod.swift in Sources */ = {isa = PBXBuildFile; fileRef = FC55D4B32E0138B4004D499B /* AlgorithmMethod.swift */; };
		FC55D4BC2E014A37004D499B /* BeginnerTopLayer.json in Resources */ = {isa = PBXBuildFile; fileRef = FC55D4BA2E014673004D499B /* BeginnerTopLayer.json */; };
		FC55D4BD2E014A3A004D499B /* BeginnerSecondLayer.json in Resources */ = {isa = PBXBuildFile; fileRef = FC55D4B92E0144A7004D499B /* BeginnerSecondLayer.json */; };
		FC55D4BE2E014A3C004D499B /* BeginnerFirstLayer.json in Resources */ = {isa = PBXBuildFile; fileRef = FC55D4B82E014456004D499B /* BeginnerFirstLayer.json */; };
		FC55D4C02E014EB2004D499B /* MethodsView.swift in Sources */ = {isa = PBXBuildFile; fileRef = FC55D4BF2E014EB2004D499B /* MethodsView.swift */; };
		FC55D4C32E017C03004D499B /* CubeView.swift in Sources */ = {isa = PBXBuildFile; fileRef = FC55D4C22E017C02004D499B /* CubeView.swift */; };
		FC55D4C52E017D62004D499B /* CubeManager.swift in Sources */ = {isa = PBXBuildFile; fileRef = FC55D4C42E017D61004D499B /* CubeManager.swift */; };
		FC58D9B52E0AD9C000937390 /* HintsView.swift in Sources */ = {isa = PBXBuildFile; fileRef = FC58D9B42E0AD9C000937390 /* HintsView.swift */; };
		FC58D9B72E0AE13F00937390 /* SolveTime.swift in Sources */ = {isa = PBXBuildFile; fileRef = FC58D9B62E0AE13F00937390 /* SolveTime.swift */; };
		FC5C1C232DFCFFA6004E5190 /* AlgorithmStepsView.swift in Sources */ = {isa = PBXBuildFile; fileRef = FC5C1C222DFCFFA6004E5190 /* AlgorithmStepsView.swift */; };
		FC5C1C252DFCFFD6004E5190 /* StepButton.swift in Sources */ = {isa = PBXBuildFile; fileRef = FC5C1C242DFCFFD6004E5190 /* StepButton.swift */; };
		FC5C1C272DFCFFF1004E5190 /* MnemonicButton.swift in Sources */ = {isa = PBXBuildFile; fileRef = FC5C1C262DFCFFF1004E5190 /* MnemonicButton.swift */; };
		FC5C1C2A2DFD000E004E5190 /* StepMnemonic.swift in Sources */ = {isa = PBXBuildFile; fileRef = FC5C1C292DFD000E004E5190 /* StepMnemonic.swift */; };
		FC5C1C2F2DFD0067004E5190 /* SolveStep.swift in Sources */ = {isa = PBXBuildFile; fileRef = FC5C1C2E2DFD0067004E5190 /* SolveStep.swift */; };
		FC5C1C312DFD007B004E5190 /* AlgorithmData.swift in Sources */ = {isa = PBXBuildFile; fileRef = FC5C1C302DFD007B004E5190 /* AlgorithmData.swift */; };
		FC5C1C332DFD009D004E5190 /* Algorithm.swift in Sources */ = {isa = PBXBuildFile; fileRef = FC5C1C322DFD009D004E5190 /* Algorithm.swift */; };
		FC5C1C362DFD03CA004E5190 /* MnemonicsHandling.swift in Sources */ = {isa = PBXBuildFile; fileRef = FC5C1C352DFD03CA004E5190 /* MnemonicsHandling.swift */; };
		FC6CBBA52E06941000B962CC /* Scramble+CubeFlip.swift in Sources */ = {isa = PBXBuildFile; fileRef = FC6CBBA42E06941000B962CC /* Scramble+CubeFlip.swift */; };
		FC6CBBA72E06964900B962CC /* Scramble.swift in Sources */ = {isa = PBXBuildFile; fileRef = FC6CBBA62E06964900B962CC /* Scramble.swift */; };
		FC7C92852E0A2743009CC4EC /* LearnTestView.swift in Sources */ = {isa = PBXBuildFile; fileRef = FC7C92842E0A2743009CC4EC /* LearnTestView.swift */; };
		FC7C92872E0A2DA3009CC4EC /* ProgressView.swift in Sources */ = {isa = PBXBuildFile; fileRef = FC7C92862E0A2DA3009CC4EC /* ProgressView.swift */; };
		FC9532A12E00E017005E1907 /* AlgorithmTestView.swift in Sources */ = {isa = PBXBuildFile; fileRef = FC9532A02E00E017005E1907 /* AlgorithmTestView.swift */; };
		FC9532A32E00F0B6005E1907 /* SolveAttempt.swift in Sources */ = {isa = PBXBuildFile; fileRef = FC9532A22E00F0B6005E1907 /* SolveAttempt.swift */; };
		FC9532A52E00F1EA005E1907 /* TimesView.swift in Sources */ = {isa = PBXBuildFile; fileRef = FC9532A42E00F1EA005E1907 /* TimesView.swift */; };
		FC9532A72E00FCAC005E1907 /* BestTimeHandling.swift in Sources */ = {isa = PBXBuildFile; fileRef = FC9532A62E00FCAC005E1907 /* BestTimeHandling.swift */; };
		FC9532A92E00FD6B005E1907 /* AlgorithmHandling.swift in Sources */ = {isa = PBXBuildFile; fileRef = FC9532A82E00FD6B005E1907 /* AlgorithmHandling.swift */; };
		FCA096F52E0A928E007A6E9C /* PracticesHandling.swift in Sources */ = {isa = PBXBuildFile; fileRef = FCA096F42E0A928E007A6E9C /* PracticesHandling.swift */; };
		FCB95A792E0192CF00D49DEE /* Steps+CubeMove.swift in Sources */ = {isa = PBXBuildFile; fileRef = FCB95A782E0192CE00D49DEE /* Steps+CubeMove.swift */; };
		FCBFBE052E01057200E33B6A /* TutorialView.swift in Sources */ = {isa = PBXBuildFile; fileRef = FCBFBE042E01057200E33B6A /* TutorialView.swift */; };
		FCD988982DF81A080083047A /* Cubr2App.swift in Sources */ = {isa = PBXBuildFile; fileRef = FCD988972DF81A080083047A /* Cubr2App.swift */; };
		FCD9889A2DF81A080083047A /* ContentView.swift in Sources */ = {isa = PBXBuildFile; fileRef = FCD988992DF81A080083047A /* ContentView.swift */; };
		FCD9889C2DF81A0B0083047A /* Assets.xcassets in Resources */ = {isa = PBXBuildFile; fileRef = FCD9889B2DF81A0B0083047A /* Assets.xcassets */; };
		FCD9889F2DF81A0B0083047A /* Preview Assets.xcassets in Resources */ = {isa = PBXBuildFile; fileRef = FCD9889E2DF81A0B0083047A /* Preview Assets.xcassets */; };
		FCD988A92DF81A0C0083047A /* Cubr2Tests.swift in Sources */ = {isa = PBXBuildFile; fileRef = FCD988A82DF81A0C0083047A /* Cubr2Tests.swift */; };
		FCD988B32DF81A0C0083047A /* Cubr2UITests.swift in Sources */ = {isa = PBXBuildFile; fileRef = FCD988B22DF81A0C0083047A /* Cubr2UITests.swift */; };
		FCD988B52DF81A0C0083047A /* Cubr2UITestsLaunchTests.swift in Sources */ = {isa = PBXBuildFile; fileRef = FCD988B42DF81A0C0083047A /* Cubr2UITestsLaunchTests.swift */; };
		FCD988C22DF81A4D0083047A /* AlgorithmsManager.swift in Sources */ = {isa = PBXBuildFile; fileRef = FCD988C12DF81A4C0083047A /* AlgorithmsManager.swift */; };
		FCD988C42DF81B160083047A /* 2LookPLL.json in Resources */ = {isa = PBXBuildFile; fileRef = FCD988C32DF81B160083047A /* 2LookPLL.json */; };
		FCD988C62DF8235E0083047A /* 2LookOLL.json in Resources */ = {isa = PBXBuildFile; fileRef = FCD988C52DF8235E0083047A /* 2LookOLL.json */; };
		FCD988C82DF8238A0083047A /* StageList.swift in Sources */ = {isa = PBXBuildFile; fileRef = FCD988C72DF8238A0083047A /* StageList.swift */; };
		FCEE551F2E0A67F200D61B94 /* PracticesView.swift in Sources */ = {isa = PBXBuildFile; fileRef = FCEE551E2E0A67F200D61B94 /* PracticesView.swift */; };
		FCEE55212E0A6E6B00D61B94 /* HistoryView.swift in Sources */ = {isa = PBXBuildFile; fileRef = FCEE55202E0A6E6B00D61B94 /* HistoryView.swift */; };
		FCF229092DF939C700B0F881 /* ScrambleView.swift in Sources */ = {isa = PBXBuildFile; fileRef = FCF229082DF939C700B0F881 /* ScrambleView.swift */; };
		FCF8761B2E0AAD620045B841 /* CubeMoveList.swift in Sources */ = {isa = PBXBuildFile; fileRef = FCF8761A2E0AAD620045B841 /* CubeMoveList.swift */; };
		FCF8761D2E0ACC040045B841 /* Day.swift in Sources */ = {isa = PBXBuildFile; fileRef = FCF8761C2E0ACC040045B841 /* Day.swift */; };
		FCF876272E0ACCF90045B841 /* AlgorithmGroupData.swift in Sources */ = {isa = PBXBuildFile; fileRef = FCF876262E0ACCF90045B841 /* AlgorithmGroupData.swift */; };
		FCF876292E0ACCFF0045B841 /* ScrambleData.swift in Sources */ = {isa = PBXBuildFile; fileRef = FCF876282E0ACCFF0045B841 /* ScrambleData.swift */; };
		FCF8762B2E0ACD2F0045B841 /* Algorithm+Algorithms.swift in Sources */ = {isa = PBXBuildFile; fileRef = FCF8762A2E0ACD2F0045B841 /* Algorithm+Algorithms.swift */; };
		FCF8762D2E0ACD5A0045B841 /* AlgorithmGroup.swift in Sources */ = {isa = PBXBuildFile; fileRef = FCF8762C2E0ACD5A0045B841 /* AlgorithmGroup.swift */; };
		FCF8762F2E0ACD960045B841 /* AlgorithmsManaging.swift in Sources */ = {isa = PBXBuildFile; fileRef = FCF8762E2E0ACD960045B841 /* AlgorithmsManaging.swift */; };
/* End PBXBuildFile section */

/* Begin PBXContainerItemProxy section */
		FCD988A52DF81A0C0083047A /* PBXContainerItemProxy */ = {
			isa = PBXContainerItemProxy;
			containerPortal = FCD9888C2DF81A080083047A /* Project object */;
			proxyType = 1;
			remoteGlobalIDString = FCD988932DF81A080083047A;
			remoteInfo = Cubr2;
		};
		FCD988AF2DF81A0C0083047A /* PBXContainerItemProxy */ = {
			isa = PBXContainerItemProxy;
			containerPortal = FCD9888C2DF81A080083047A /* Project object */;
			proxyType = 1;
			remoteGlobalIDString = FCD988932DF81A080083047A;
			remoteInfo = Cubr2;
		};
/* End PBXContainerItemProxy section */

/* Begin PBXFileReference section */
		FC1197582E01ABB500744006 /* SceneKit+Math.swift */ = {isa = PBXFileReference; lastKnownFileType = sourcecode.swift; path = "SceneKit+Math.swift"; sourceTree = "<group>"; };
		FC3174042E025652008EEE8E /* CubeTestView.swift */ = {isa = PBXFileReference; lastKnownFileType = sourcecode.swift; path = CubeTestView.swift; sourceTree = "<group>"; };
		FC3174062E02567A008EEE8E /* TestView.swift */ = {isa = PBXFileReference; lastKnownFileType = sourcecode.swift; path = TestView.swift; sourceTree = "<group>"; };
		FC3174082E025919008EEE8E /* TimerView.swift */ = {isa = PBXFileReference; lastKnownFileType = sourcecode.swift; path = TimerView.swift; sourceTree = "<group>"; };
		FC31740A2E025CF2008EEE8E /* BestTimeManaging.swift */ = {isa = PBXFileReference; lastKnownFileType = sourcecode.swift; path = BestTimeManaging.swift; sourceTree = "<group>"; };
		FC31740C2E025D11008EEE8E /* BestTimeView.swift */ = {isa = PBXFileReference; lastKnownFileType = sourcecode.swift; path = BestTimeView.swift; sourceTree = "<group>"; };
		FC31740E2E025E25008EEE8E /* Steps+All.swift */ = {isa = PBXFileReference; lastKnownFileType = sourcecode.swift; path = "Steps+All.swift"; sourceTree = "<group>"; };
		FC3174102E027295008EEE8E /* ScrambleLabel.swift */ = {isa = PBXFileReference; lastKnownFileType = sourcecode.swift; path = ScrambleLabel.swift; sourceTree = "<group>"; };
		FC3174122E027311008EEE8E /* ScrambleSection.swift */ = {isa = PBXFileReference; lastKnownFileType = sourcecode.swift; path = ScrambleSection.swift; sourceTree = "<group>"; };
		FC38F2142E041DB7009BB02D /* SolveMethod+Algorithms.swift */ = {isa = PBXFileReference; lastKnownFileType = sourcecode.swift; path = "SolveMethod+Algorithms.swift"; sourceTree = "<group>"; };
		FC38F2162E042093009BB02D /* Timeable.swift */ = {isa = PBXFileReference; lastKnownFileType = sourcecode.swift; path = Timeable.swift; sourceTree = "<group>"; };
		FC38F2182E04274F009BB02D /* Zip.swift */ = {isa = PBXFileReference; lastKnownFileType = sourcecode.swift; path = Zip.swift; sourceTree = "<group>"; };
		FC4AA4442DFA99250069EFBE /* LearningView.swift */ = {isa = PBXFileReference; lastKnownFileType = sourcecode.swift; path = LearningView.swift; sourceTree = "<group>"; };
		FC4AA4462DFA9A220069EFBE /* AlgorithmView.swift */ = {isa = PBXFileReference; lastKnownFileType = sourcecode.swift; path = AlgorithmView.swift; sourceTree = "<group>"; };
		FC55D4AA2E0112C3004D499B /* String+Moves.swift */ = {isa = PBXFileReference; lastKnownFileType = sourcecode.swift; path = "String+Moves.swift"; sourceTree = "<group>"; };
		FC55D4AC2E011814004D499B /* AllTimesView.swift */ = {isa = PBXFileReference; lastKnownFileType = sourcecode.swift; path = AllTimesView.swift; sourceTree = "<group>"; };
		FC55D4AF2E011D34004D499B /* Duration+TimeString.swift */ = {isa = PBXFileReference; lastKnownFileType = sourcecode.swift; path = "Duration+TimeString.swift"; sourceTree = "<group>"; };
		FC55D4B12E01385E004D499B /* AlgorithmStage.swift */ = {isa = PBXFileReference; lastKnownFileType = sourcecode.swift; path = AlgorithmStage.swift; sourceTree = "<group>"; };
		FC55D4B32E0138B4004D499B /* AlgorithmMethod.swift */ = {isa = PBXFileReference; lastKnownFileType = sourcecode.swift; path = AlgorithmMethod.swift; sourceTree = "<group>"; };
		FC55D4B82E014456004D499B /* BeginnerFirstLayer.json */ = {isa = PBXFileReference; lastKnownFileType = text.json; path = BeginnerFirstLayer.json; sourceTree = "<group>"; };
		FC55D4B92E0144A7004D499B /* BeginnerSecondLayer.json */ = {isa = PBXFileReference; lastKnownFileType = text.json; path = BeginnerSecondLayer.json; sourceTree = "<group>"; };
		FC55D4BA2E014673004D499B /* BeginnerTopLayer.json */ = {isa = PBXFileReference; lastKnownFileType = text.json; path = BeginnerTopLayer.json; sourceTree = "<group>"; };
		FC55D4BF2E014EB2004D499B /* MethodsView.swift */ = {isa = PBXFileReference; lastKnownFileType = sourcecode.swift; path = MethodsView.swift; sourceTree = "<group>"; };
		FC55D4C22E017C02004D499B /* CubeView.swift */ = {isa = PBXFileReference; lastKnownFileType = sourcecode.swift; path = CubeView.swift; sourceTree = "<group>"; };
		FC55D4C42E017D61004D499B /* CubeManager.swift */ = {isa = PBXFileReference; fileEncoding = 4; lastKnownFileType = sourcecode.swift; path = CubeManager.swift; sourceTree = "<group>"; };
		FC58D9B42E0AD9C000937390 /* HintsView.swift */ = {isa = PBXFileReference; lastKnownFileType = sourcecode.swift; path = HintsView.swift; sourceTree = "<group>"; };
		FC58D9B62E0AE13F00937390 /* SolveTime.swift */ = {isa = PBXFileReference; lastKnownFileType = sourcecode.swift; path = SolveTime.swift; sourceTree = "<group>"; };
		FC5C1C222DFCFFA6004E5190 /* AlgorithmStepsView.swift */ = {isa = PBXFileReference; lastKnownFileType = sourcecode.swift; path = AlgorithmStepsView.swift; sourceTree = "<group>"; };
		FC5C1C242DFCFFD6004E5190 /* StepButton.swift */ = {isa = PBXFileReference; lastKnownFileType = sourcecode.swift; path = StepButton.swift; sourceTree = "<group>"; };
		FC5C1C262DFCFFF1004E5190 /* MnemonicButton.swift */ = {isa = PBXFileReference; lastKnownFileType = sourcecode.swift; path = MnemonicButton.swift; sourceTree = "<group>"; };
		FC5C1C292DFD000E004E5190 /* StepMnemonic.swift */ = {isa = PBXFileReference; lastKnownFileType = sourcecode.swift; path = StepMnemonic.swift; sourceTree = "<group>"; };
		FC5C1C2E2DFD0067004E5190 /* SolveStep.swift */ = {isa = PBXFileReference; lastKnownFileType = sourcecode.swift; path = SolveStep.swift; sourceTree = "<group>"; };
		FC5C1C302DFD007B004E5190 /* AlgorithmData.swift */ = {isa = PBXFileReference; lastKnownFileType = sourcecode.swift; path = AlgorithmData.swift; sourceTree = "<group>"; };
		FC5C1C322DFD009D004E5190 /* Algorithm.swift */ = {isa = PBXFileReference; lastKnownFileType = sourcecode.swift; path = Algorithm.swift; sourceTree = "<group>"; };
		FC5C1C352DFD03CA004E5190 /* MnemonicsHandling.swift */ = {isa = PBXFileReference; lastKnownFileType = sourcecode.swift; path = MnemonicsHandling.swift; sourceTree = "<group>"; };
		FC6CBBA42E06941000B962CC /* Scramble+CubeFlip.swift */ = {isa = PBXFileReference; lastKnownFileType = sourcecode.swift; path = "Scramble+CubeFlip.swift"; sourceTree = "<group>"; };
		FC6CBBA62E06964900B962CC /* Scramble.swift */ = {isa = PBXFileReference; lastKnownFileType = sourcecode.swift; path = Scramble.swift; sourceTree = "<group>"; };
		FC7C92842E0A2743009CC4EC /* LearnTestView.swift */ = {isa = PBXFileReference; lastKnownFileType = sourcecode.swift; path = LearnTestView.swift; sourceTree = "<group>"; };
		FC7C92862E0A2DA3009CC4EC /* ProgressView.swift */ = {isa = PBXFileReference; lastKnownFileType = sourcecode.swift; path = ProgressView.swift; sourceTree = "<group>"; };
		FC9532A02E00E017005E1907 /* AlgorithmTestView.swift */ = {isa = PBXFileReference; lastKnownFileType = sourcecode.swift; path = AlgorithmTestView.swift; sourceTree = "<group>"; };
		FC9532A22E00F0B6005E1907 /* SolveAttempt.swift */ = {isa = PBXFileReference; lastKnownFileType = sourcecode.swift; path = SolveAttempt.swift; sourceTree = "<group>"; };
		FC9532A42E00F1EA005E1907 /* TimesView.swift */ = {isa = PBXFileReference; lastKnownFileType = sourcecode.swift; path = TimesView.swift; sourceTree = "<group>"; };
		FC9532A62E00FCAC005E1907 /* BestTimeHandling.swift */ = {isa = PBXFileReference; lastKnownFileType = sourcecode.swift; path = BestTimeHandling.swift; sourceTree = "<group>"; };
		FC9532A82E00FD6B005E1907 /* AlgorithmHandling.swift */ = {isa = PBXFileReference; lastKnownFileType = sourcecode.swift; path = AlgorithmHandling.swift; sourceTree = "<group>"; };
		FCA096F42E0A928E007A6E9C /* PracticesHandling.swift */ = {isa = PBXFileReference; lastKnownFileType = sourcecode.swift; path = PracticesHandling.swift; sourceTree = "<group>"; };
		FCB95A782E0192CE00D49DEE /* Steps+CubeMove.swift */ = {isa = PBXFileReference; lastKnownFileType = sourcecode.swift; path = "Steps+CubeMove.swift"; sourceTree = "<group>"; };
		FCBFBE042E01057200E33B6A /* TutorialView.swift */ = {isa = PBXFileReference; lastKnownFileType = sourcecode.swift; path = TutorialView.swift; sourceTree = "<group>"; };
		FCD988942DF81A080083047A /* Cubr2.app */ = {isa = PBXFileReference; explicitFileType = wrapper.application; includeInIndex = 0; path = Cubr2.app; sourceTree = BUILT_PRODUCTS_DIR; };
		FCD988972DF81A080083047A /* Cubr2App.swift */ = {isa = PBXFileReference; lastKnownFileType = sourcecode.swift; path = Cubr2App.swift; sourceTree = "<group>"; };
		FCD988992DF81A080083047A /* ContentView.swift */ = {isa = PBXFileReference; lastKnownFileType = sourcecode.swift; path = ContentView.swift; sourceTree = "<group>"; };
		FCD9889B2DF81A0B0083047A /* Assets.xcassets */ = {isa = PBXFileReference; lastKnownFileType = folder.assetcatalog; path = Assets.xcassets; sourceTree = "<group>"; };
		FCD9889E2DF81A0B0083047A /* Preview Assets.xcassets */ = {isa = PBXFileReference; lastKnownFileType = folder.assetcatalog; path = "Preview Assets.xcassets"; sourceTree = "<group>"; };
		FCD988A42DF81A0C0083047A /* Cubr2Tests.xctest */ = {isa = PBXFileReference; explicitFileType = wrapper.cfbundle; includeInIndex = 0; path = Cubr2Tests.xctest; sourceTree = BUILT_PRODUCTS_DIR; };
		FCD988A82DF81A0C0083047A /* Cubr2Tests.swift */ = {isa = PBXFileReference; lastKnownFileType = sourcecode.swift; path = Cubr2Tests.swift; sourceTree = "<group>"; };
		FCD988AE2DF81A0C0083047A /* Cubr2UITests.xctest */ = {isa = PBXFileReference; explicitFileType = wrapper.cfbundle; includeInIndex = 0; path = Cubr2UITests.xctest; sourceTree = BUILT_PRODUCTS_DIR; };
		FCD988B22DF81A0C0083047A /* Cubr2UITests.swift */ = {isa = PBXFileReference; lastKnownFileType = sourcecode.swift; path = Cubr2UITests.swift; sourceTree = "<group>"; };
		FCD988B42DF81A0C0083047A /* Cubr2UITestsLaunchTests.swift */ = {isa = PBXFileReference; lastKnownFileType = sourcecode.swift; path = Cubr2UITestsLaunchTests.swift; sourceTree = "<group>"; };
		FCD988C12DF81A4C0083047A /* AlgorithmsManager.swift */ = {isa = PBXFileReference; lastKnownFileType = sourcecode.swift; path = AlgorithmsManager.swift; sourceTree = "<group>"; };
		FCD988C32DF81B160083047A /* 2LookPLL.json */ = {isa = PBXFileReference; fileEncoding = 4; lastKnownFileType = text.json; path = 2LookPLL.json; sourceTree = "<group>"; };
		FCD988C52DF8235E0083047A /* 2LookOLL.json */ = {isa = PBXFileReference; fileEncoding = 4; lastKnownFileType = text.json; path = 2LookOLL.json; sourceTree = "<group>"; };
		FCD988C72DF8238A0083047A /* StageList.swift */ = {isa = PBXFileReference; lastKnownFileType = sourcecode.swift; path = StageList.swift; sourceTree = "<group>"; };
		FCEE551E2E0A67F200D61B94 /* PracticesView.swift */ = {isa = PBXFileReference; lastKnownFileType = sourcecode.swift; path = PracticesView.swift; sourceTree = "<group>"; };
		FCEE55202E0A6E6B00D61B94 /* HistoryView.swift */ = {isa = PBXFileReference; lastKnownFileType = sourcecode.swift; path = HistoryView.swift; sourceTree = "<group>"; };
		FCF229082DF939C700B0F881 /* ScrambleView.swift */ = {isa = PBXFileReference; lastKnownFileType = sourcecode.swift; path = ScrambleView.swift; sourceTree = "<group>"; };
		FCF8761A2E0AAD620045B841 /* CubeMoveList.swift */ = {isa = PBXFileReference; lastKnownFileType = sourcecode.swift; path = CubeMoveList.swift; sourceTree = "<group>"; };
		FCF8761C2E0ACC040045B841 /* Day.swift */ = {isa = PBXFileReference; lastKnownFileType = sourcecode.swift; path = Day.swift; sourceTree = "<group>"; };
		FCF876262E0ACCF90045B841 /* AlgorithmGroupData.swift */ = {isa = PBXFileReference; lastKnownFileType = sourcecode.swift; path = AlgorithmGroupData.swift; sourceTree = "<group>"; };
		FCF876282E0ACCFF0045B841 /* ScrambleData.swift */ = {isa = PBXFileReference; lastKnownFileType = sourcecode.swift; path = ScrambleData.swift; sourceTree = "<group>"; };
		FCF8762A2E0ACD2F0045B841 /* Algorithm+Algorithms.swift */ = {isa = PBXFileReference; lastKnownFileType = sourcecode.swift; path = "Algorithm+Algorithms.swift"; sourceTree = "<group>"; };
		FCF8762C2E0ACD5A0045B841 /* AlgorithmGroup.swift */ = {isa = PBXFileReference; lastKnownFileType = sourcecode.swift; path = AlgorithmGroup.swift; sourceTree = "<group>"; };
		FCF8762E2E0ACD960045B841 /* AlgorithmsManaging.swift */ = {isa = PBXFileReference; lastKnownFileType = sourcecode.swift; path = AlgorithmsManaging.swift; sourceTree = "<group>"; };
/* End PBXFileReference section */

/* Begin PBXFrameworksBuildPhase section */
		FCD988912DF81A080083047A /* Frameworks */ = {
			isa = PBXFrameworksBuildPhase;
			buildActionMask = 2147483647;
			files = (
				FC4AA4432DFA973B0069EFBE /* DylKit in Frameworks */,
			);
			runOnlyForDeploymentPostprocessing = 0;
		};
		FCD988A12DF81A0C0083047A /* Frameworks */ = {
			isa = PBXFrameworksBuildPhase;
			buildActionMask = 2147483647;
			files = (
			);
			runOnlyForDeploymentPostprocessing = 0;
		};
		FCD988AB2DF81A0C0083047A /* Frameworks */ = {
			isa = PBXFrameworksBuildPhase;
			buildActionMask = 2147483647;
			files = (
			);
			runOnlyForDeploymentPostprocessing = 0;
		};
/* End PBXFrameworksBuildPhase section */

/* Begin PBXGroup section */
		FC55D4AE2E011D29004D499B /* Extensions */ = {
			isa = PBXGroup;
			children = (
				FCF8761F2E0ACC3B0045B841 /* General */,
				FCF8761E2E0ACC210045B841 /* Cube */,
			);
			path = Extensions;
			sourceTree = "<group>";
		};
		FC55D4B52E014063004D499B /* Data */ = {
			isa = PBXGroup;
			children = (
				FCD988C52DF8235E0083047A /* 2LookOLL.json */,
				FC55D4B82E014456004D499B /* BeginnerFirstLayer.json */,
				FC55D4B92E0144A7004D499B /* BeginnerSecondLayer.json */,
				FC55D4BA2E014673004D499B /* BeginnerTopLayer.json */,
				FCD988C32DF81B160083047A /* 2LookPLL.json */,
			);
			path = Data;
			sourceTree = "<group>";
		};
		FC55D4C12E017BF6004D499B /* CubeView */ = {
			isa = PBXGroup;
			children = (
				FC55D4C42E017D61004D499B /* CubeManager.swift */,
				FC55D4C22E017C02004D499B /* CubeView.swift */,
			);
			path = CubeView;
			sourceTree = "<group>";
		};
		FC58D9AB2E0ACEC800937390 /* Learning */ = {
			isa = PBXGroup;
			children = (
				FC7C92862E0A2DA3009CC4EC /* ProgressView.swift */,
			);
			path = Learning;
			sourceTree = "<group>";
		};
		FC58D9AC2E0ACEE900937390 /* Algorithm */ = {
			isa = PBXGroup;
			children = (
				FC4AA4462DFA9A220069EFBE /* AlgorithmView.swift */,
				FC5C1C222DFCFFA6004E5190 /* AlgorithmStepsView.swift */,
				FC5C1C262DFCFFF1004E5190 /* MnemonicButton.swift */,
				FC5C1C242DFCFFD6004E5190 /* StepButton.swift */,
				FCBFBE042E01057200E33B6A /* TutorialView.swift */,
				FCF876312E0ACE0C0045B841 /* Scramble */,
			);
			path = Algorithm;
			sourceTree = "<group>";
		};
		FC58D9AD2E0ACF2400937390 /* Test */ = {
			isa = PBXGroup;
			children = (
				FC3174062E02567A008EEE8E /* TestView.swift */,
				FC9532A02E00E017005E1907 /* AlgorithmTestView.swift */,
				FC7C92842E0A2743009CC4EC /* LearnTestView.swift */,
				FC3174042E025652008EEE8E /* CubeTestView.swift */,
			);
			path = Test;
			sourceTree = "<group>";
		};
		FC58D9AE2E0ACF3B00937390 /* Scores */ = {
			isa = PBXGroup;
			children = (
				FCEE551E2E0A67F200D61B94 /* PracticesView.swift */,
				FC9532A42E00F1EA005E1907 /* TimesView.swift */,
				FC55D4AC2E011814004D499B /* AllTimesView.swift */,
				FCEE55202E0A6E6B00D61B94 /* HistoryView.swift */,
			);
			path = Scores;
			sourceTree = "<group>";
		};
		FC58D9AF2E0ACF5100937390 /* Debug */ = {
			isa = PBXGroup;
			children = (
				FCF8761A2E0AAD620045B841 /* CubeMoveList.swift */,
			);
			path = Debug;
			sourceTree = "<group>";
		};
		FC58D9B02E0ACFA600937390 /* Settings */ = {
			isa = PBXGroup;
			children = (
				FC55D4BF2E014EB2004D499B /* MethodsView.swift */,
			);
			path = Settings;
			sourceTree = "<group>";
		};
		FC58D9B12E0ACFD500937390 /* All Algorithms */ = {
			isa = PBXGroup;
			children = (
				FCD988992DF81A080083047A /* ContentView.swift */,
				FCD988C72DF8238A0083047A /* StageList.swift */,
			);
			path = "All Algorithms";
			sourceTree = "<group>";
		};
		FC58D9B22E0ACFE100937390 /* Algorithm Lists */ = {
			isa = PBXGroup;
			children = (
				FC58D9B12E0ACFD500937390 /* All Algorithms */,
				FC4AA4442DFA99250069EFBE /* LearningView.swift */,
				FC58D9B42E0AD9C000937390 /* HintsView.swift */,
			);
			path = "Algorithm Lists";
			sourceTree = "<group>";
		};
		FC5C1C282DFCFFFF004E5190 /* Model */ = {
			isa = PBXGroup;
			children = (
				FCD988C12DF81A4C0083047A /* AlgorithmsManager.swift */,
				FCF876252E0ACCEC0045B841 /* Data */,
				FCF876222E0ACC720045B841 /* Algorithm */,
				FCF876212E0ACC6E0045B841 /* Solve */,
				FCF876242E0ACCA00045B841 /* Mnemonics */,
				FCF876232E0ACC810045B841 /* Time */,
			);
			path = Model;
			sourceTree = "<group>";
		};
		FC5C1C2B2DFD0013004E5190 /* View */ = {
			isa = PBXGroup;
			children = (
				FC5C1C2D2DFD0023004E5190 /* Components */,
				FC5C1C2C2DFD0018004E5190 /* Screens */,
			);
			path = View;
			sourceTree = "<group>";
		};
		FC5C1C2C2DFD0018004E5190 /* Screens */ = {
			isa = PBXGroup;
			children = (
				FC58D9B22E0ACFE100937390 /* Algorithm Lists */,
				FC58D9AD2E0ACF2400937390 /* Test */,
				FC58D9AE2E0ACF3B00937390 /* Scores */,
				FC58D9B02E0ACFA600937390 /* Settings */,
				FC58D9AF2E0ACF5100937390 /* Debug */,
			);
			path = Screens;
			sourceTree = "<group>";
		};
		FC5C1C2D2DFD0023004E5190 /* Components */ = {
			isa = PBXGroup;
			children = (
				FC55D4C12E017BF6004D499B /* CubeView */,
				FC58D9AC2E0ACEE900937390 /* Algorithm */,
				FCF876302E0ACE050045B841 /* Times */,
				FC58D9AB2E0ACEC800937390 /* Learning */,
			);
			path = Components;
			sourceTree = "<group>";
		};
		FC5C1C342DFD03BE004E5190 /* Protocols */ = {
			isa = PBXGroup;
			children = (
				FC5C1C352DFD03CA004E5190 /* MnemonicsHandling.swift */,
				FCF8762E2E0ACD960045B841 /* AlgorithmsManaging.swift */,
				FCA096F42E0A928E007A6E9C /* PracticesHandling.swift */,
				FC31740A2E025CF2008EEE8E /* BestTimeManaging.swift */,
				FC9532A62E00FCAC005E1907 /* BestTimeHandling.swift */,
				FC9532A82E00FD6B005E1907 /* AlgorithmHandling.swift */,
			);
			path = Protocols;
			sourceTree = "<group>";
		};
		FCD9888B2DF81A080083047A = {
			isa = PBXGroup;
			children = (
				FCD988962DF81A080083047A /* Cubr2 */,
				FCD988A72DF81A0C0083047A /* Cubr2Tests */,
				FCD988B12DF81A0C0083047A /* Cubr2UITests */,
				FCD988952DF81A080083047A /* Products */,
			);
			sourceTree = "<group>";
		};
		FCD988952DF81A080083047A /* Products */ = {
			isa = PBXGroup;
			children = (
				FCD988942DF81A080083047A /* Cubr2.app */,
				FCD988A42DF81A0C0083047A /* Cubr2Tests.xctest */,
				FCD988AE2DF81A0C0083047A /* Cubr2UITests.xctest */,
			);
			name = Products;
			sourceTree = "<group>";
		};
		FCD988962DF81A080083047A /* Cubr2 */ = {
			isa = PBXGroup;
			children = (
				FCD988972DF81A080083047A /* Cubr2App.swift */,
				FC5C1C282DFCFFFF004E5190 /* Model */,
				FC5C1C2B2DFD0013004E5190 /* View */,
				FC5C1C342DFD03BE004E5190 /* Protocols */,
				FC55D4AE2E011D29004D499B /* Extensions */,
				FC55D4B52E014063004D499B /* Data */,
				FCD9889B2DF81A0B0083047A /* Assets.xcassets */,
				FCD9889D2DF81A0B0083047A /* Preview Content */,
			);
			path = Cubr2;
			sourceTree = "<group>";
		};
		FCD9889D2DF81A0B0083047A /* Preview Content */ = {
			isa = PBXGroup;
			children = (
				FCD9889E2DF81A0B0083047A /* Preview Assets.xcassets */,
			);
			path = "Preview Content";
			sourceTree = "<group>";
		};
		FCD988A72DF81A0C0083047A /* Cubr2Tests */ = {
			isa = PBXGroup;
			children = (
				FCD988A82DF81A0C0083047A /* Cubr2Tests.swift */,
			);
			path = Cubr2Tests;
			sourceTree = "<group>";
		};
		FCD988B12DF81A0C0083047A /* Cubr2UITests */ = {
			isa = PBXGroup;
			children = (
				FCD988B22DF81A0C0083047A /* Cubr2UITests.swift */,
				FCD988B42DF81A0C0083047A /* Cubr2UITestsLaunchTests.swift */,
			);
			path = Cubr2UITests;
			sourceTree = "<group>";
		};
		FCF8761E2E0ACC210045B841 /* Cube */ = {
			isa = PBXGroup;
			children = (
				FC31740E2E025E25008EEE8E /* Steps+All.swift */,
				FC38F2142E041DB7009BB02D /* SolveMethod+Algorithms.swift */,
				FC6CBBA42E06941000B962CC /* Scramble+CubeFlip.swift */,
				FCB95A782E0192CE00D49DEE /* Steps+CubeMove.swift */,
				FC55D4AA2E0112C3004D499B /* String+Moves.swift */,
				FCF8762A2E0ACD2F0045B841 /* Algorithm+Algorithms.swift */,
			);
			path = Cube;
			sourceTree = "<group>";
		};
		FCF8761F2E0ACC3B0045B841 /* General */ = {
			isa = PBXGroup;
			children = (
				FC55D4AF2E011D34004D499B /* Duration+TimeString.swift */,
				FC1197582E01ABB500744006 /* SceneKit+Math.swift */,
				FC38F2182E04274F009BB02D /* Zip.swift */,
			);
			path = General;
			sourceTree = "<group>";
		};
		FCF876212E0ACC6E0045B841 /* Solve */ = {
			isa = PBXGroup;
			children = (
				FC9532A22E00F0B6005E1907 /* SolveAttempt.swift */,
				FC5C1C2E2DFD0067004E5190 /* SolveStep.swift */,
			);
			path = Solve;
			sourceTree = "<group>";
		};
		FCF876222E0ACC720045B841 /* Algorithm */ = {
			isa = PBXGroup;
			children = (
				FC55D4B12E01385E004D499B /* AlgorithmStage.swift */,
				FC55D4B32E0138B4004D499B /* AlgorithmMethod.swift */,
				FC5C1C322DFD009D004E5190 /* Algorithm.swift */,
				FC6CBBA62E06964900B962CC /* Scramble.swift */,
				FCF8762C2E0ACD5A0045B841 /* AlgorithmGroup.swift */,
			);
			path = Algorithm;
			sourceTree = "<group>";
		};
		FCF876232E0ACC810045B841 /* Time */ = {
			isa = PBXGroup;
			children = (
				FCF8761C2E0ACC040045B841 /* Day.swift */,
				FC58D9B62E0AE13F00937390 /* SolveTime.swift */,
				FC38F2162E042093009BB02D /* Timeable.swift */,
			);
			path = Time;
			sourceTree = "<group>";
		};
		FCF876242E0ACCA00045B841 /* Mnemonics */ = {
			isa = PBXGroup;
			children = (
				FC5C1C292DFD000E004E5190 /* StepMnemonic.swift */,
			);
			path = Mnemonics;
			sourceTree = "<group>";
		};
		FCF876252E0ACCEC0045B841 /* Data */ = {
			isa = PBXGroup;
			children = (
				FC5C1C302DFD007B004E5190 /* AlgorithmData.swift */,
				FCF876262E0ACCF90045B841 /* AlgorithmGroupData.swift */,
				FCF876282E0ACCFF0045B841 /* ScrambleData.swift */,
			);
			path = Data;
			sourceTree = "<group>";
		};
		FCF876302E0ACE050045B841 /* Times */ = {
			isa = PBXGroup;
			children = (
				FC3174082E025919008EEE8E /* TimerView.swift */,
				FC31740C2E025D11008EEE8E /* BestTimeView.swift */,
			);
			path = Times;
			sourceTree = "<group>";
		};
		FCF876312E0ACE0C0045B841 /* Scramble */ = {
			isa = PBXGroup;
			children = (
				FCF229082DF939C700B0F881 /* ScrambleView.swift */,
				FC3174102E027295008EEE8E /* ScrambleLabel.swift */,
				FC3174122E027311008EEE8E /* ScrambleSection.swift */,
			);
			path = Scramble;
			sourceTree = "<group>";
		};
/* End PBXGroup section */

/* Begin PBXNativeTarget section */
		FCD988932DF81A080083047A /* Cubr2 */ = {
			isa = PBXNativeTarget;
			buildConfigurationList = FCD988B82DF81A0C0083047A /* Build configuration list for PBXNativeTarget "Cubr2" */;
			buildPhases = (
				FCD988902DF81A080083047A /* Sources */,
				FCD988912DF81A080083047A /* Frameworks */,
				FCD988922DF81A080083047A /* Resources */,
			);
			buildRules = (
			);
			dependencies = (
			);
			name = Cubr2;
			packageProductDependencies = (
				FC4AA4422DFA973B0069EFBE /* DylKit */,
			);
			productName = Cubr2;
			productReference = FCD988942DF81A080083047A /* Cubr2.app */;
			productType = "com.apple.product-type.application";
		};
		FCD988A32DF81A0C0083047A /* Cubr2Tests */ = {
			isa = PBXNativeTarget;
			buildConfigurationList = FCD988BB2DF81A0C0083047A /* Build configuration list for PBXNativeTarget "Cubr2Tests" */;
			buildPhases = (
				FCD988A02DF81A0C0083047A /* Sources */,
				FCD988A12DF81A0C0083047A /* Frameworks */,
				FCD988A22DF81A0C0083047A /* Resources */,
			);
			buildRules = (
			);
			dependencies = (
				FCD988A62DF81A0C0083047A /* PBXTargetDependency */,
			);
			name = Cubr2Tests;
			productName = Cubr2Tests;
			productReference = FCD988A42DF81A0C0083047A /* Cubr2Tests.xctest */;
			productType = "com.apple.product-type.bundle.unit-test";
		};
		FCD988AD2DF81A0C0083047A /* Cubr2UITests */ = {
			isa = PBXNativeTarget;
			buildConfigurationList = FCD988BE2DF81A0C0083047A /* Build configuration list for PBXNativeTarget "Cubr2UITests" */;
			buildPhases = (
				FCD988AA2DF81A0C0083047A /* Sources */,
				FCD988AB2DF81A0C0083047A /* Frameworks */,
				FCD988AC2DF81A0C0083047A /* Resources */,
			);
			buildRules = (
			);
			dependencies = (
				FCD988B02DF81A0C0083047A /* PBXTargetDependency */,
			);
			name = Cubr2UITests;
			productName = Cubr2UITests;
			productReference = FCD988AE2DF81A0C0083047A /* Cubr2UITests.xctest */;
			productType = "com.apple.product-type.bundle.ui-testing";
		};
/* End PBXNativeTarget section */

/* Begin PBXProject section */
		FCD9888C2DF81A080083047A /* Project object */ = {
			isa = PBXProject;
			attributes = {
				BuildIndependentTargetsInParallel = 1;
				LastSwiftUpdateCheck = 1520;
				LastUpgradeCheck = 1520;
				TargetAttributes = {
					FCD988932DF81A080083047A = {
						CreatedOnToolsVersion = 15.2;
					};
					FCD988A32DF81A0C0083047A = {
						CreatedOnToolsVersion = 15.2;
						TestTargetID = FCD988932DF81A080083047A;
					};
					FCD988AD2DF81A0C0083047A = {
						CreatedOnToolsVersion = 15.2;
						TestTargetID = FCD988932DF81A080083047A;
					};
				};
			};
			buildConfigurationList = FCD9888F2DF81A080083047A /* Build configuration list for PBXProject "Cubr2" */;
			compatibilityVersion = "Xcode 14.0";
			developmentRegion = en;
			hasScannedForEncodings = 0;
			knownRegions = (
				en,
				Base,
			);
			mainGroup = FCD9888B2DF81A080083047A;
			packageReferences = (
				FC4AA4412DFA973B0069EFBE /* XCLocalSwiftPackageReference "../DylKit" */,
			);
			productRefGroup = FCD988952DF81A080083047A /* Products */;
			projectDirPath = "";
			projectRoot = "";
			targets = (
				FCD988932DF81A080083047A /* Cubr2 */,
				FCD988A32DF81A0C0083047A /* Cubr2Tests */,
				FCD988AD2DF81A0C0083047A /* Cubr2UITests */,
			);
		};
/* End PBXProject section */

/* Begin PBXResourcesBuildPhase section */
		FCD988922DF81A080083047A /* Resources */ = {
			isa = PBXResourcesBuildPhase;
			buildActionMask = 2147483647;
			files = (
				FCD988C42DF81B160083047A /* 2LookPLL.json in Resources */,
				FC55D4BC2E014A37004D499B /* BeginnerTopLayer.json in Resources */,
				FCD9889F2DF81A0B0083047A /* Preview Assets.xcassets in Resources */,
				FC55D4BD2E014A3A004D499B /* BeginnerSecondLayer.json in Resources */,
				FC55D4BE2E014A3C004D499B /* BeginnerFirstLayer.json in Resources */,
				FCD9889C2DF81A0B0083047A /* Assets.xcassets in Resources */,
				FCD988C62DF8235E0083047A /* 2LookOLL.json in Resources */,
			);
			runOnlyForDeploymentPostprocessing = 0;
		};
		FCD988A22DF81A0C0083047A /* Resources */ = {
			isa = PBXResourcesBuildPhase;
			buildActionMask = 2147483647;
			files = (
			);
			runOnlyForDeploymentPostprocessing = 0;
		};
		FCD988AC2DF81A0C0083047A /* Resources */ = {
			isa = PBXResourcesBuildPhase;
			buildActionMask = 2147483647;
			files = (
			);
			runOnlyForDeploymentPostprocessing = 0;
		};
/* End PBXResourcesBuildPhase section */

/* Begin PBXSourcesBuildPhase section */
		FCD988902DF81A080083047A /* Sources */ = {
			isa = PBXSourcesBuildPhase;
			buildActionMask = 2147483647;
			files = (
				FC5C1C2A2DFD000E004E5190 /* StepMnemonic.swift in Sources */,
				FCF8762B2E0ACD2F0045B841 /* Algorithm+Algorithms.swift in Sources */,
				FCD9889A2DF81A080083047A /* ContentView.swift in Sources */,
				FCD988C22DF81A4D0083047A /* AlgorithmsManager.swift in Sources */,
				FC55D4B02E011D34004D499B /* Duration+TimeString.swift in Sources */,
				FC5C1C362DFD03CA004E5190 /* MnemonicsHandling.swift in Sources */,
				FCB95A792E0192CF00D49DEE /* Steps+CubeMove.swift in Sources */,
				FCA096F52E0A928E007A6E9C /* PracticesHandling.swift in Sources */,
				FC9532A72E00FCAC005E1907 /* BestTimeHandling.swift in Sources */,
				FC3174052E025652008EEE8E /* CubeTestView.swift in Sources */,
				FC9532A12E00E017005E1907 /* AlgorithmTestView.swift in Sources */,
				FC7C92852E0A2743009CC4EC /* LearnTestView.swift in Sources */,
				FCF8761D2E0ACC040045B841 /* Day.swift in Sources */,
				FC55D4C32E017C03004D499B /* CubeView.swift in Sources */,
				FC38F2172E042093009BB02D /* Timeable.swift in Sources */,
				FCF8762F2E0ACD960045B841 /* AlgorithmsManaging.swift in Sources */,
				FC38F2192E04274F009BB02D /* Zip.swift in Sources */,
				FC4AA4452DFA99250069EFBE /* LearningView.swift in Sources */,
				FC31740B2E025CF2008EEE8E /* BestTimeManaging.swift in Sources */,
				FC5C1C312DFD007B004E5190 /* AlgorithmData.swift in Sources */,
				FCF876292E0ACCFF0045B841 /* ScrambleData.swift in Sources */,
				FC1197592E01ABB500744006 /* SceneKit+Math.swift in Sources */,
				FC38F2152E041DB7009BB02D /* SolveMethod+Algorithms.swift in Sources */,
				FC6CBBA52E06941000B962CC /* Scramble+CubeFlip.swift in Sources */,
				FCEE55212E0A6E6B00D61B94 /* HistoryView.swift in Sources */,
				FC55D4AD2E011814004D499B /* AllTimesView.swift in Sources */,
				FC5C1C272DFCFFF1004E5190 /* MnemonicButton.swift in Sources */,
				FC7C92872E0A2DA3009CC4EC /* ProgressView.swift in Sources */,
				FCD988982DF81A080083047A /* Cubr2App.swift in Sources */,
				FC55D4B22E01385E004D499B /* AlgorithmStage.swift in Sources */,
				FC31740F2E025E25008EEE8E /* Steps+All.swift in Sources */,
				FC3174132E027311008EEE8E /* ScrambleSection.swift in Sources */,
				FCF876272E0ACCF90045B841 /* AlgorithmGroupData.swift in Sources */,
				FC9532A92E00FD6B005E1907 /* AlgorithmHandling.swift in Sources */,
				FCEE551F2E0A67F200D61B94 /* PracticesView.swift in Sources */,
				FCF8762D2E0ACD5A0045B841 /* AlgorithmGroup.swift in Sources */,
				FC5C1C332DFD009D004E5190 /* Algorithm.swift in Sources */,
				FC55D4C02E014EB2004D499B /* MethodsView.swift in Sources */,
				FC55D4C52E017D62004D499B /* CubeManager.swift in Sources */,
				FC5C1C232DFCFFA6004E5190 /* AlgorithmStepsView.swift in Sources */,
				FC9532A52E00F1EA005E1907 /* TimesView.swift in Sources */,
				FCBFBE052E01057200E33B6A /* TutorialView.swift in Sources */,
				FC3174092E025919008EEE8E /* TimerView.swift in Sources */,
				FC3174072E02567A008EEE8E /* TestView.swift in Sources */,
				FC55D4B42E0138B4004D499B /* AlgorithmMethod.swift in Sources */,
				FCF8761B2E0AAD620045B841 /* CubeMoveList.swift in Sources */,
				FC9532A32E00F0B6005E1907 /* SolveAttempt.swift in Sources */,
				FC5C1C2F2DFD0067004E5190 /* SolveStep.swift in Sources */,
				FC3174112E027295008EEE8E /* ScrambleLabel.swift in Sources */,
				FC58D9B52E0AD9C000937390 /* HintsView.swift in Sources */,
				FC5C1C252DFCFFD6004E5190 /* StepButton.swift in Sources */,
				FC6CBBA72E06964900B962CC /* Scramble.swift in Sources */,
				FCF229092DF939C700B0F881 /* ScrambleView.swift in Sources */,
				FC55D4AB2E0112C3004D499B /* String+Moves.swift in Sources */,
				FC58D9B72E0AE13F00937390 /* SolveTime.swift in Sources */,
				FC31740D2E025D11008EEE8E /* BestTimeView.swift in Sources */,
				FCD988C82DF8238A0083047A /* StageList.swift in Sources */,
				FC4AA4472DFA9A220069EFBE /* AlgorithmView.swift in Sources */,
			);
			runOnlyForDeploymentPostprocessing = 0;
		};
		FCD988A02DF81A0C0083047A /* Sources */ = {
			isa = PBXSourcesBuildPhase;
			buildActionMask = 2147483647;
			files = (
				FCD988A92DF81A0C0083047A /* Cubr2Tests.swift in Sources */,
			);
			runOnlyForDeploymentPostprocessing = 0;
		};
		FCD988AA2DF81A0C0083047A /* Sources */ = {
			isa = PBXSourcesBuildPhase;
			buildActionMask = 2147483647;
			files = (
				FCD988B32DF81A0C0083047A /* Cubr2UITests.swift in Sources */,
				FCD988B52DF81A0C0083047A /* Cubr2UITestsLaunchTests.swift in Sources */,
			);
			runOnlyForDeploymentPostprocessing = 0;
		};
/* End PBXSourcesBuildPhase section */

/* Begin PBXTargetDependency section */
		FCD988A62DF81A0C0083047A /* PBXTargetDependency */ = {
			isa = PBXTargetDependency;
			target = FCD988932DF81A080083047A /* Cubr2 */;
			targetProxy = FCD988A52DF81A0C0083047A /* PBXContainerItemProxy */;
		};
		FCD988B02DF81A0C0083047A /* PBXTargetDependency */ = {
			isa = PBXTargetDependency;
			target = FCD988932DF81A080083047A /* Cubr2 */;
			targetProxy = FCD988AF2DF81A0C0083047A /* PBXContainerItemProxy */;
		};
/* End PBXTargetDependency section */

/* Begin XCBuildConfiguration section */
		FCD988B62DF81A0C0083047A /* Debug */ = {
			isa = XCBuildConfiguration;
			buildSettings = {
				ALWAYS_SEARCH_USER_PATHS = NO;
				ASSETCATALOG_COMPILER_GENERATE_SWIFT_ASSET_SYMBOL_EXTENSIONS = YES;
				CLANG_ANALYZER_NONNULL = YES;
				CLANG_ANALYZER_NUMBER_OBJECT_CONVERSION = YES_AGGRESSIVE;
				CLANG_CXX_LANGUAGE_STANDARD = "gnu++20";
				CLANG_ENABLE_MODULES = YES;
				CLANG_ENABLE_OBJC_ARC = YES;
				CLANG_ENABLE_OBJC_WEAK = YES;
				CLANG_WARN_BLOCK_CAPTURE_AUTORELEASING = YES;
				CLANG_WARN_BOOL_CONVERSION = YES;
				CLANG_WARN_COMMA = YES;
				CLANG_WARN_CONSTANT_CONVERSION = YES;
				CLANG_WARN_DEPRECATED_OBJC_IMPLEMENTATIONS = YES;
				CLANG_WARN_DIRECT_OBJC_ISA_USAGE = YES_ERROR;
				CLANG_WARN_DOCUMENTATION_COMMENTS = YES;
				CLANG_WARN_EMPTY_BODY = YES;
				CLANG_WARN_ENUM_CONVERSION = YES;
				CLANG_WARN_INFINITE_RECURSION = YES;
				CLANG_WARN_INT_CONVERSION = YES;
				CLANG_WARN_NON_LITERAL_NULL_CONVERSION = YES;
				CLANG_WARN_OBJC_IMPLICIT_RETAIN_SELF = YES;
				CLANG_WARN_OBJC_LITERAL_CONVERSION = YES;
				CLANG_WARN_OBJC_ROOT_CLASS = YES_ERROR;
				CLANG_WARN_QUOTED_INCLUDE_IN_FRAMEWORK_HEADER = YES;
				CLANG_WARN_RANGE_LOOP_ANALYSIS = YES;
				CLANG_WARN_STRICT_PROTOTYPES = YES;
				CLANG_WARN_SUSPICIOUS_MOVE = YES;
				CLANG_WARN_UNGUARDED_AVAILABILITY = YES_AGGRESSIVE;
				CLANG_WARN_UNREACHABLE_CODE = YES;
				CLANG_WARN__DUPLICATE_METHOD_MATCH = YES;
				COPY_PHASE_STRIP = NO;
				DEBUG_INFORMATION_FORMAT = dwarf;
				ENABLE_STRICT_OBJC_MSGSEND = YES;
				ENABLE_TESTABILITY = YES;
				ENABLE_USER_SCRIPT_SANDBOXING = YES;
				GCC_C_LANGUAGE_STANDARD = gnu17;
				GCC_DYNAMIC_NO_PIC = NO;
				GCC_NO_COMMON_BLOCKS = YES;
				GCC_OPTIMIZATION_LEVEL = 0;
				GCC_PREPROCESSOR_DEFINITIONS = (
					"DEBUG=1",
					"$(inherited)",
				);
				GCC_WARN_64_TO_32_BIT_CONVERSION = YES;
				GCC_WARN_ABOUT_RETURN_TYPE = YES_ERROR;
				GCC_WARN_UNDECLARED_SELECTOR = YES;
				GCC_WARN_UNINITIALIZED_AUTOS = YES_AGGRESSIVE;
				GCC_WARN_UNUSED_FUNCTION = YES;
				GCC_WARN_UNUSED_VARIABLE = YES;
				IPHONEOS_DEPLOYMENT_TARGET = 17.2;
				LOCALIZATION_PREFERS_STRING_CATALOGS = YES;
				MTL_ENABLE_DEBUG_INFO = INCLUDE_SOURCE;
				MTL_FAST_MATH = YES;
				ONLY_ACTIVE_ARCH = YES;
				SDKROOT = iphoneos;
				SWIFT_ACTIVE_COMPILATION_CONDITIONS = "DEBUG $(inherited)";
				SWIFT_OPTIMIZATION_LEVEL = "-Onone";
			};
			name = Debug;
		};
		FCD988B72DF81A0C0083047A /* Release */ = {
			isa = XCBuildConfiguration;
			buildSettings = {
				ALWAYS_SEARCH_USER_PATHS = NO;
				ASSETCATALOG_COMPILER_GENERATE_SWIFT_ASSET_SYMBOL_EXTENSIONS = YES;
				CLANG_ANALYZER_NONNULL = YES;
				CLANG_ANALYZER_NUMBER_OBJECT_CONVERSION = YES_AGGRESSIVE;
				CLANG_CXX_LANGUAGE_STANDARD = "gnu++20";
				CLANG_ENABLE_MODULES = YES;
				CLANG_ENABLE_OBJC_ARC = YES;
				CLANG_ENABLE_OBJC_WEAK = YES;
				CLANG_WARN_BLOCK_CAPTURE_AUTORELEASING = YES;
				CLANG_WARN_BOOL_CONVERSION = YES;
				CLANG_WARN_COMMA = YES;
				CLANG_WARN_CONSTANT_CONVERSION = YES;
				CLANG_WARN_DEPRECATED_OBJC_IMPLEMENTATIONS = YES;
				CLANG_WARN_DIRECT_OBJC_ISA_USAGE = YES_ERROR;
				CLANG_WARN_DOCUMENTATION_COMMENTS = YES;
				CLANG_WARN_EMPTY_BODY = YES;
				CLANG_WARN_ENUM_CONVERSION = YES;
				CLANG_WARN_INFINITE_RECURSION = YES;
				CLANG_WARN_INT_CONVERSION = YES;
				CLANG_WARN_NON_LITERAL_NULL_CONVERSION = YES;
				CLANG_WARN_OBJC_IMPLICIT_RETAIN_SELF = YES;
				CLANG_WARN_OBJC_LITERAL_CONVERSION = YES;
				CLANG_WARN_OBJC_ROOT_CLASS = YES_ERROR;
				CLANG_WARN_QUOTED_INCLUDE_IN_FRAMEWORK_HEADER = YES;
				CLANG_WARN_RANGE_LOOP_ANALYSIS = YES;
				CLANG_WARN_STRICT_PROTOTYPES = YES;
				CLANG_WARN_SUSPICIOUS_MOVE = YES;
				CLANG_WARN_UNGUARDED_AVAILABILITY = YES_AGGRESSIVE;
				CLANG_WARN_UNREACHABLE_CODE = YES;
				CLANG_WARN__DUPLICATE_METHOD_MATCH = YES;
				COPY_PHASE_STRIP = NO;
				DEBUG_INFORMATION_FORMAT = "dwarf-with-dsym";
				ENABLE_NS_ASSERTIONS = NO;
				ENABLE_STRICT_OBJC_MSGSEND = YES;
				ENABLE_USER_SCRIPT_SANDBOXING = YES;
				GCC_C_LANGUAGE_STANDARD = gnu17;
				GCC_NO_COMMON_BLOCKS = YES;
				GCC_WARN_64_TO_32_BIT_CONVERSION = YES;
				GCC_WARN_ABOUT_RETURN_TYPE = YES_ERROR;
				GCC_WARN_UNDECLARED_SELECTOR = YES;
				GCC_WARN_UNINITIALIZED_AUTOS = YES_AGGRESSIVE;
				GCC_WARN_UNUSED_FUNCTION = YES;
				GCC_WARN_UNUSED_VARIABLE = YES;
				IPHONEOS_DEPLOYMENT_TARGET = 17.2;
				LOCALIZATION_PREFERS_STRING_CATALOGS = YES;
				MTL_ENABLE_DEBUG_INFO = NO;
				MTL_FAST_MATH = YES;
				SDKROOT = iphoneos;
				SWIFT_COMPILATION_MODE = wholemodule;
				VALIDATE_PRODUCT = YES;
			};
			name = Release;
		};
		FCD988B92DF81A0C0083047A /* Debug */ = {
			isa = XCBuildConfiguration;
			buildSettings = {
				ASSETCATALOG_COMPILER_APPICON_NAME = AppIcon;
				ASSETCATALOG_COMPILER_GLOBAL_ACCENT_COLOR_NAME = AccentColor;
				CODE_SIGN_STYLE = Automatic;
				CURRENT_PROJECT_VERSION = 1;
				DEVELOPMENT_ASSET_PATHS = "\"Cubr2/Preview Content\"";
				DEVELOPMENT_TEAM = 6CW3378X23;
				ENABLE_PREVIEWS = YES;
				GENERATE_INFOPLIST_FILE = YES;
				INFOPLIST_KEY_UIApplicationSceneManifest_Generation = YES;
				INFOPLIST_KEY_UIApplicationSupportsIndirectInputEvents = YES;
				INFOPLIST_KEY_UILaunchScreen_Generation = YES;
				INFOPLIST_KEY_UISupportedInterfaceOrientations_iPad = "UIInterfaceOrientationPortrait UIInterfaceOrientationPortraitUpsideDown UIInterfaceOrientationLandscapeLeft UIInterfaceOrientationLandscapeRight";
				INFOPLIST_KEY_UISupportedInterfaceOrientations_iPhone = "UIInterfaceOrientationPortrait UIInterfaceOrientationLandscapeLeft UIInterfaceOrientationLandscapeRight";
				LD_RUNPATH_SEARCH_PATHS = (
					"$(inherited)",
					"@executable_path/Frameworks",
				);
				MARKETING_VERSION = 1.0;
				PRODUCT_BUNDLE_IDENTIFIER = com.dylan.Cubr2;
				PRODUCT_NAME = "$(TARGET_NAME)";
				SWIFT_EMIT_LOC_STRINGS = YES;
				SWIFT_VERSION = 5.0;
				TARGETED_DEVICE_FAMILY = "1,2";
			};
			name = Debug;
		};
		FCD988BA2DF81A0C0083047A /* Release */ = {
			isa = XCBuildConfiguration;
			buildSettings = {
				ASSETCATALOG_COMPILER_APPICON_NAME = AppIcon;
				ASSETCATALOG_COMPILER_GLOBAL_ACCENT_COLOR_NAME = AccentColor;
				CODE_SIGN_STYLE = Automatic;
				CURRENT_PROJECT_VERSION = 1;
				DEVELOPMENT_ASSET_PATHS = "\"Cubr2/Preview Content\"";
				DEVELOPMENT_TEAM = 6CW3378X23;
				ENABLE_PREVIEWS = YES;
				GENERATE_INFOPLIST_FILE = YES;
				INFOPLIST_KEY_UIApplicationSceneManifest_Generation = YES;
				INFOPLIST_KEY_UIApplicationSupportsIndirectInputEvents = YES;
				INFOPLIST_KEY_UILaunchScreen_Generation = YES;
				INFOPLIST_KEY_UISupportedInterfaceOrientations_iPad = "UIInterfaceOrientationPortrait UIInterfaceOrientationPortraitUpsideDown UIInterfaceOrientationLandscapeLeft UIInterfaceOrientationLandscapeRight";
				INFOPLIST_KEY_UISupportedInterfaceOrientations_iPhone = "UIInterfaceOrientationPortrait UIInterfaceOrientationLandscapeLeft UIInterfaceOrientationLandscapeRight";
				LD_RUNPATH_SEARCH_PATHS = (
					"$(inherited)",
					"@executable_path/Frameworks",
				);
				MARKETING_VERSION = 1.0;
				PRODUCT_BUNDLE_IDENTIFIER = com.dylan.Cubr2;
				PRODUCT_NAME = "$(TARGET_NAME)";
				SWIFT_EMIT_LOC_STRINGS = YES;
				SWIFT_VERSION = 5.0;
				TARGETED_DEVICE_FAMILY = "1,2";
			};
			name = Release;
		};
		FCD988BC2DF81A0C0083047A /* Debug */ = {
			isa = XCBuildConfiguration;
			buildSettings = {
				ALWAYS_EMBED_SWIFT_STANDARD_LIBRARIES = YES;
				BUNDLE_LOADER = "$(TEST_HOST)";
				CODE_SIGN_STYLE = Automatic;
				CURRENT_PROJECT_VERSION = 1;
				DEVELOPMENT_TEAM = 6CW3378X23;
				GENERATE_INFOPLIST_FILE = YES;
				IPHONEOS_DEPLOYMENT_TARGET = 17.2;
				MARKETING_VERSION = 1.0;
				PRODUCT_BUNDLE_IDENTIFIER = com.dylan.Cubr2Tests;
				PRODUCT_NAME = "$(TARGET_NAME)";
				SWIFT_EMIT_LOC_STRINGS = NO;
				SWIFT_VERSION = 5.0;
				TARGETED_DEVICE_FAMILY = "1,2";
				TEST_HOST = "$(BUILT_PRODUCTS_DIR)/Cubr2.app/$(BUNDLE_EXECUTABLE_FOLDER_PATH)/Cubr2";
			};
			name = Debug;
		};
		FCD988BD2DF81A0C0083047A /* Release */ = {
			isa = XCBuildConfiguration;
			buildSettings = {
				ALWAYS_EMBED_SWIFT_STANDARD_LIBRARIES = YES;
				BUNDLE_LOADER = "$(TEST_HOST)";
				CODE_SIGN_STYLE = Automatic;
				CURRENT_PROJECT_VERSION = 1;
				DEVELOPMENT_TEAM = 6CW3378X23;
				GENERATE_INFOPLIST_FILE = YES;
				IPHONEOS_DEPLOYMENT_TARGET = 17.2;
				MARKETING_VERSION = 1.0;
				PRODUCT_BUNDLE_IDENTIFIER = com.dylan.Cubr2Tests;
				PRODUCT_NAME = "$(TARGET_NAME)";
				SWIFT_EMIT_LOC_STRINGS = NO;
				SWIFT_VERSION = 5.0;
				TARGETED_DEVICE_FAMILY = "1,2";
				TEST_HOST = "$(BUILT_PRODUCTS_DIR)/Cubr2.app/$(BUNDLE_EXECUTABLE_FOLDER_PATH)/Cubr2";
			};
			name = Release;
		};
		FCD988BF2DF81A0C0083047A /* Debug */ = {
			isa = XCBuildConfiguration;
			buildSettings = {
				ALWAYS_EMBED_SWIFT_STANDARD_LIBRARIES = YES;
				CODE_SIGN_STYLE = Automatic;
				CURRENT_PROJECT_VERSION = 1;
				DEVELOPMENT_TEAM = 6CW3378X23;
				GENERATE_INFOPLIST_FILE = YES;
				MARKETING_VERSION = 1.0;
				PRODUCT_BUNDLE_IDENTIFIER = com.dylan.Cubr2UITests;
				PRODUCT_NAME = "$(TARGET_NAME)";
				SWIFT_EMIT_LOC_STRINGS = NO;
				SWIFT_VERSION = 5.0;
				TARGETED_DEVICE_FAMILY = "1,2";
				TEST_TARGET_NAME = Cubr2;
			};
			name = Debug;
		};
		FCD988C02DF81A0C0083047A /* Release */ = {
			isa = XCBuildConfiguration;
			buildSettings = {
				ALWAYS_EMBED_SWIFT_STANDARD_LIBRARIES = YES;
				CODE_SIGN_STYLE = Automatic;
				CURRENT_PROJECT_VERSION = 1;
				DEVELOPMENT_TEAM = 6CW3378X23;
				GENERATE_INFOPLIST_FILE = YES;
				MARKETING_VERSION = 1.0;
				PRODUCT_BUNDLE_IDENTIFIER = com.dylan.Cubr2UITests;
				PRODUCT_NAME = "$(TARGET_NAME)";
				SWIFT_EMIT_LOC_STRINGS = NO;
				SWIFT_VERSION = 5.0;
				TARGETED_DEVICE_FAMILY = "1,2";
				TEST_TARGET_NAME = Cubr2;
			};
			name = Release;
		};
/* End XCBuildConfiguration section */

/* Begin XCConfigurationList section */
		FCD9888F2DF81A080083047A /* Build configuration list for PBXProject "Cubr2" */ = {
			isa = XCConfigurationList;
			buildConfigurations = (
				FCD988B62DF81A0C0083047A /* Debug */,
				FCD988B72DF81A0C0083047A /* Release */,
			);
			defaultConfigurationIsVisible = 0;
			defaultConfigurationName = Release;
		};
		FCD988B82DF81A0C0083047A /* Build configuration list for PBXNativeTarget "Cubr2" */ = {
			isa = XCConfigurationList;
			buildConfigurations = (
				FCD988B92DF81A0C0083047A /* Debug */,
				FCD988BA2DF81A0C0083047A /* Release */,
			);
			defaultConfigurationIsVisible = 0;
			defaultConfigurationName = Release;
		};
		FCD988BB2DF81A0C0083047A /* Build configuration list for PBXNativeTarget "Cubr2Tests" */ = {
			isa = XCConfigurationList;
			buildConfigurations = (
				FCD988BC2DF81A0C0083047A /* Debug */,
				FCD988BD2DF81A0C0083047A /* Release */,
			);
			defaultConfigurationIsVisible = 0;
			defaultConfigurationName = Release;
		};
		FCD988BE2DF81A0C0083047A /* Build configuration list for PBXNativeTarget "Cubr2UITests" */ = {
			isa = XCConfigurationList;
			buildConfigurations = (
				FCD988BF2DF81A0C0083047A /* Debug */,
				FCD988C02DF81A0C0083047A /* Release */,
			);
			defaultConfigurationIsVisible = 0;
			defaultConfigurationName = Release;
		};
/* End XCConfigurationList section */

/* Begin XCLocalSwiftPackageReference section */
		FC4AA4412DFA973B0069EFBE /* XCLocalSwiftPackageReference "../DylKit" */ = {
			isa = XCLocalSwiftPackageReference;
			relativePath = ../DylKit;
		};
/* End XCLocalSwiftPackageReference section */

/* Begin XCSwiftPackageProductDependency section */
		FC4AA4422DFA973B0069EFBE /* DylKit */ = {
			isa = XCSwiftPackageProductDependency;
			productName = DylKit;
		};
/* End XCSwiftPackageProductDependency section */
	};
	rootObject = FCD9888C2DF81A080083047A /* Project object */;
}
